<?xml version="1.0" encoding="UTF-8" standalone="yes" ?>
<CodeBlocks_project_file>
	<FileVersion major="1" minor="6" />
	<Project>
		<Option title="Mapas" />
		<Option pch_mode="2" />
		<Option compiler="gcc" />
		<Build>
			<Target title="Debug">
				<Option output="bin/Debug/Mapas" prefix_auto="1" extension_auto="1" />
				<Option object_output="obj/Debug/" />
				<Option type="1" />
				<Option compiler="gcc" />
				<Compiler>
					<Add option="-g" />
					<Add directory="../Mapas" />
				</Compiler>
				<Linker>
					<Add library="sfml-graphics" />
					<Add library="sfml-window" />
					<Add library="sfml-system" />
				</Linker>
			</Target>
			<Target title="Release">
				<Option output="bin/Release/Mapas" prefix_auto="1" extension_auto="1" />
				<Option object_output="obj/Release/" />
				<Option type="0" />
				<Option compiler="gcc" />
				<Compiler>
					<Add option="-O2" />
					<Add directory="../Mapas" />
				</Compiler>
				<Linker>
					<Add option="-s" />
					<Add library="sfml-graphics" />
					<Add library="sfml-window" />
					<Add library="sfml-system" />
				</Linker>
			</Target>
		</Build>
		<Compiler>
			<Add option="-Wall" />
		</Compiler>
		<Unit filename="game.cpp" />
		<Unit filename="game.h" />
		<Unit filename="hud.cpp" />
		<Unit filename="hud.h" />
		<Unit filename="main.cpp" />
		<Unit filename="mapa.cpp" />
		<Unit filename="mapa.h" />
		<Unit filename="player.cpp" />
		<Unit filename="player.h" />
		<Unit filename="resources/tmx/Antorcha.tmx" />
		<Unit filename="resources/tmx/Caja.tmx" />
		<Unit filename="resources/tmx/CajaDoble.tmx" />
		<Unit filename="resources/tmx/Calavera.tmx" />
		<Unit filename="resources/tmx/Cofre.tmx" />
		<Unit filename="resources/tmx/Columna.tmx" />
		<Unit filename="resources/tmx/Mapa.tmx" />
		<Unit filename="tinyxml2.cpp" />
		<Unit filename="tinyxml2.h" />
		<Extensions>
			<envvars />
			<code_completion />
			<lib_finder disable_auto="1" />
			<debugger />
		</Extensions>
	</Project>
</CodeBlocks_project_file>
