<?xml version="1.0" encoding="UTF-8" standalone="yes" ?>
<CodeBlocks_project_file>
	<FileVersion major="1" minor="6" />
	<Project>
		<Option title="IA_v1" />
		<Option pch_mode="2" />
		<Option compiler="gcc" />
		<Build>
			<Target title="Debug">
				<Option output="bin/Debug/IA_v1" prefix_auto="1" extension_auto="1" />
				<Option object_output="obj/Debug/" />
				<Option type="1" />
				<Option compiler="gcc" />
				<Compiler>
					<Add option="-g" />
					<Add directory="include" />
				</Compiler>
				<Linker>
					<Add library="sfml-graphics" />
					<Add library="sfml-window" />
					<Add library="sfml-system" />
				</Linker>
			</Target>
			<Target title="Release">
				<Option output="bin/Release/IA_v1" prefix_auto="1" extension_auto="1" />
				<Option object_output="obj/Release/" />
				<Option type="0" />
				<Option compiler="gcc" />
				<Compiler>
					<Add option="-O2" />
					<Add directory="include" />
				</Compiler>
				<Linker>
					<Add option="-s" />
					<Add library="sfml-graphics" />
					<Add library="sfml-window" />
					<Add library="sfml-system" />
				</Linker>
			</Target>
		</Build>
		<Compiler>
			<Add option="-Wall" />
		</Compiler>
		<Unit filename="cb.bmp" />
<<<<<<< HEAD:IA_v1/IA_v1.cbp
=======
		<Unit filename="include/Animacion.h" />
		<Unit filename="include/Bullet.h" />
>>>>>>> mapa-colisiones:Mov y anim/Mov y anim.cbp
		<Unit filename="include/Enemigo.h" />
		<Unit filename="include/Jugador.h" />
<<<<<<< HEAD:IA_v1/IA_v1.cbp
=======
		<Unit filename="main.cpp" />
		<Unit filename="src/Animacion.cpp" />
		<Unit filename="src/Bullet.cpp" />
>>>>>>> mapa-colisiones:Mov y anim/Mov y anim.cbp
		<Unit filename="src/Enemigo.cpp" />
		<Unit filename="src/Jugador.cpp" />
		<Unit filename="src/main.cpp" />
		<Extensions>
			<code_completion />
			<debugger />
			<envvars />
		</Extensions>
	</Project>
</CodeBlocks_project_file>
